// !$*UTF8*$!
{
	archiveVersion = 1;
	classes = {
	};
	objectVersion = 50;
	objects = {

/* Begin PBXBuildFile section */
		0EE0D21524D09AA200F9D1F0 /* AppDelegate.swift in Sources */ = {isa = PBXBuildFile; fileRef = 0EE0D21424D09AA200F9D1F0 /* AppDelegate.swift */; };
		0EE0D21724D09AA200F9D1F0 /* SceneDelegate.swift in Sources */ = {isa = PBXBuildFile; fileRef = 0EE0D21624D09AA200F9D1F0 /* SceneDelegate.swift */; };
		0EE0D21924D09AA200F9D1F0 /* CalculateViewController.swift in Sources */ = {isa = PBXBuildFile; fileRef = 0EE0D21824D09AA200F9D1F0 /* CalculateViewController.swift */; };
		0EE0D21C24D09AA200F9D1F0 /* Main.storyboard in Resources */ = {isa = PBXBuildFile; fileRef = 0EE0D21A24D09AA200F9D1F0 /* Main.storyboard */; };
		0EE0D21E24D09AA200F9D1F0 /* Assets.xcassets in Resources */ = {isa = PBXBuildFile; fileRef = 0EE0D21D24D09AA200F9D1F0 /* Assets.xcassets */; };
		0EE0D22124D09AA200F9D1F0 /* LaunchScreen.storyboard in Resources */ = {isa = PBXBuildFile; fileRef = 0EE0D21F24D09AA200F9D1F0 /* LaunchScreen.storyboard */; };
		0EE0D22B24D0B75500F9D1F0 /* ResultViewController.swift in Sources */ = {isa = PBXBuildFile; fileRef = 0EE0D22A24D0B75500F9D1F0 /* ResultViewController.swift */; };
		0EEEBAC024D0BE7D002AFF78 /* CalculatorBrain.swift in Sources */ = {isa = PBXBuildFile; fileRef = 0EEEBABF24D0BE7D002AFF78 /* CalculatorBrain.swift */; };
		0EEEBAC324D0C6C5002AFF78 /* BMI.swift in Sources */ = {isa = PBXBuildFile; fileRef = 0EEEBAC224D0C6C5002AFF78 /* BMI.swift */; };
/* End PBXBuildFile section */

/* Begin PBXFileReference section */
		0EE0D21124D09AA200F9D1F0 /* BMI Calculator.app */ = {isa = PBXFileReference; explicitFileType = wrapper.application; includeInIndex = 0; path = "BMI Calculator.app"; sourceTree = BUILT_PRODUCTS_DIR; };
		0EE0D21424D09AA200F9D1F0 /* AppDelegate.swift */ = {isa = PBXFileReference; lastKnownFileType = sourcecode.swift; path = AppDelegate.swift; sourceTree = "<group>"; };
		0EE0D21624D09AA200F9D1F0 /* SceneDelegate.swift */ = {isa = PBXFileReference; lastKnownFileType = sourcecode.swift; path = SceneDelegate.swift; sourceTree = "<group>"; };
		0EE0D21824D09AA200F9D1F0 /* CalculateViewController.swift */ = {isa = PBXFileReference; lastKnownFileType = sourcecode.swift; path = CalculateViewController.swift; sourceTree = "<group>"; };
		0EE0D21B24D09AA200F9D1F0 /* Base */ = {isa = PBXFileReference; lastKnownFileType = file.storyboard; name = Base; path = Base.lproj/Main.storyboard; sourceTree = "<group>"; };
		0EE0D21D24D09AA200F9D1F0 /* Assets.xcassets */ = {isa = PBXFileReference; lastKnownFileType = folder.assetcatalog; path = Assets.xcassets; sourceTree = "<group>"; };
		0EE0D22024D09AA200F9D1F0 /* Base */ = {isa = PBXFileReference; lastKnownFileType = file.storyboard; name = Base; path = Base.lproj/LaunchScreen.storyboard; sourceTree = "<group>"; };
		0EE0D22224D09AA200F9D1F0 /* Info.plist */ = {isa = PBXFileReference; lastKnownFileType = text.plist.xml; path = Info.plist; sourceTree = "<group>"; };
		0EE0D22A24D0B75500F9D1F0 /* ResultViewController.swift */ = {isa = PBXFileReference; lastKnownFileType = sourcecode.swift; name = ResultViewController.swift; path = "BMI Calculator/ResultViewController.swift"; sourceTree = SOURCE_ROOT; };
		0EEEBABF24D0BE7D002AFF78 /* CalculatorBrain.swift */ = {isa = PBXFileReference; lastKnownFileType = sourcecode.swift; path = CalculatorBrain.swift; sourceTree = "<group>"; };
		0EEEBAC224D0C6C5002AFF78 /* BMI.swift */ = {isa = PBXFileReference; lastKnownFileType = sourcecode.swift; path = BMI.swift; sourceTree = "<group>"; };
/* End PBXFileReference section */

/* Begin PBXFrameworksBuildPhase section */
		0EE0D20E24D09AA200F9D1F0 /* Frameworks */ = {
			isa = PBXFrameworksBuildPhase;
			buildActionMask = 2147483647;
			files = (
			);
			runOnlyForDeploymentPostprocessing = 0;
		};
/* End PBXFrameworksBuildPhase section */

/* Begin PBXGroup section */
		0EE0D20824D09AA200F9D1F0 = {
			isa = PBXGroup;
			children = (
				0EE0D21324D09AA200F9D1F0 /* BMI Calculator */,
				0EE0D21224D09AA200F9D1F0 /* Products */,
			);
			sourceTree = "<group>";
		};
		0EE0D21224D09AA200F9D1F0 /* Products */ = {
			isa = PBXGroup;
			children = (
				0EE0D21124D09AA200F9D1F0 /* BMI Calculator.app */,
			);
			name = Products;
			sourceTree = "<group>";
		};
		0EE0D21324D09AA200F9D1F0 /* BMI Calculator */ = {
			isa = PBXGroup;
			children = (
				0EE0D21424D09AA200F9D1F0 /* AppDelegate.swift */,
				0EE0D21624D09AA200F9D1F0 /* SceneDelegate.swift */,
				0EEEBAC124D0BE82002AFF78 /* Model */,
				0EE0D22824D09AD000F9D1F0 /* View */,
				0EE0D22924D09ADB00F9D1F0 /* Controller */,
				0EE0D21D24D09AA200F9D1F0 /* Assets.xcassets */,
				0EE0D21F24D09AA200F9D1F0 /* LaunchScreen.storyboard */,
				0EE0D22224D09AA200F9D1F0 /* Info.plist */,
			);
			path = "BMI Calculator";
			sourceTree = "<group>";
		};
		0EE0D22824D09AD000F9D1F0 /* View */ = {
			isa = PBXGroup;
			children = (
				0EE0D21A24D09AA200F9D1F0 /* Main.storyboard */,
			);
			path = View;
			sourceTree = "<group>";
		};
		0EE0D22924D09ADB00F9D1F0 /* Controller */ = {
			isa = PBXGroup;
			children = (
				0EE0D22A24D0B75500F9D1F0 /* ResultViewController.swift */,
				0EE0D21824D09AA200F9D1F0 /* CalculateViewController.swift */,
			);
			path = Controller;
			sourceTree = "<group>";
		};
		0EEEBAC124D0BE82002AFF78 /* Model */ = {
			isa = PBXGroup;
			children = (
				0EEEBABF24D0BE7D002AFF78 /* CalculatorBrain.swift */,
				0EEEBAC224D0C6C5002AFF78 /* BMI.swift */,
			);
			path = Model;
			sourceTree = "<group>";
		};
/* End PBXGroup section */

/* Begin PBXNativeTarget section */
		0EE0D21024D09AA200F9D1F0 /* BMI Calculator */ = {
			isa = PBXNativeTarget;
			buildConfigurationList = 0EE0D22524D09AA300F9D1F0 /* Build configuration list for PBXNativeTarget "BMI Calculator" */;
			buildPhases = (
				0EE0D20D24D09AA200F9D1F0 /* Sources */,
				0EE0D20E24D09AA200F9D1F0 /* Frameworks */,
				0EE0D20F24D09AA200F9D1F0 /* Resources */,
			);
			buildRules = (
			);
			dependencies = (
			);
			name = "BMI Calculator";
			productName = "BMI Calculator";
			productReference = 0EE0D21124D09AA200F9D1F0 /* BMI Calculator.app */;
			productType = "com.apple.product-type.application";
		};
/* End PBXNativeTarget section */

/* Begin PBXProject section */
		0EE0D20924D09AA200F9D1F0 /* Project object */ = {
			isa = PBXProject;
			attributes = {
				LastSwiftUpdateCheck = 1130;
				LastUpgradeCheck = 1130;
				ORGANIZATIONNAME = Katsu;
				TargetAttributes = {
					0EE0D21024D09AA200F9D1F0 = {
						CreatedOnToolsVersion = 11.3.1;
					};
				};
			};
			buildConfigurationList = 0EE0D20C24D09AA200F9D1F0 /* Build configuration list for PBXProject "BMI Calculator" */;
			compatibilityVersion = "Xcode 9.3";
			developmentRegion = en;
			hasScannedForEncodings = 0;
			knownRegions = (
				en,
				Base,
			);
			mainGroup = 0EE0D20824D09AA200F9D1F0;
			productRefGroup = 0EE0D21224D09AA200F9D1F0 /* Products */;
			projectDirPath = "";
			projectRoot = "";
			targets = (
				0EE0D21024D09AA200F9D1F0 /* BMI Calculator */,
			);
		};
/* End PBXProject section */

/* Begin PBXResourcesBuildPhase section */
		0EE0D20F24D09AA200F9D1F0 /* Resources */ = {
			isa = PBXResourcesBuildPhase;
			buildActionMask = 2147483647;
			files = (
				0EE0D22124D09AA200F9D1F0 /* LaunchScreen.storyboard in Resources */,
				0EE0D21E24D09AA200F9D1F0 /* Assets.xcassets in Resources */,
				0EE0D21C24D09AA200F9D1F0 /* Main.storyboard in Resources */,
			);
			runOnlyForDeploymentPostprocessing = 0;
		};
/* End PBXResourcesBuildPhase section */

/* Begin PBXSourcesBuildPhase section */
		0EE0D20D24D09AA200F9D1F0 /* Sources */ = {
			isa = PBXSourcesBuildPhase;
			buildActionMask = 2147483647;
			files = (
				0EE0D21924D09AA200F9D1F0 /* CalculateViewController.swift in Sources */,
				0EE0D21524D09AA200F9D1F0 /* AppDelegate.swift in Sources */,
				0EE0D21724D09AA200F9D1F0 /* SceneDelegate.swift in Sources */,
				0EEEBAC024D0BE7D002AFF78 /* CalculatorBrain.swift in Sources */,
				0EEEBAC324D0C6C5002AFF78 /* BMI.swift in Sources */,
				0EE0D22B24D0B75500F9D1F0 /* ResultViewController.swift in Sources */,
			);
			runOnlyForDeploymentPostprocessing = 0;
		};
/* End PBXSourcesBuildPhase section */

/* Begin PBXVariantGroup section */
		0EE0D21A24D09AA200F9D1F0 /* Main.storyboard */ = {
			isa = PBXVariantGroup;
			children = (
				0EE0D21B24D09AA200F9D1F0 /* Base */,
			);
			name = Main.storyboard;
			sourceTree = "<group>";
		};
		0EE0D21F24D09AA200F9D1F0 /* LaunchScreen.storyboard */ = {
			isa = PBXVariantGroup;
			children = (
				0EE0D22024D09AA200F9D1F0 /* Base */,
			);
			name = LaunchScreen.storyboard;
			sourceTree = "<group>";
		};
/* End PBXVariantGroup section */

/* Begin XCBuildConfiguration section */
		0EE0D22324D09AA300F9D1F0 /* Debug */ = {
			isa = XCBuildConfiguration;
			buildSettings = {
				ALWAYS_SEARCH_USER_PATHS = NO;
				CLANG_ANALYZER_NONNULL = YES;
				CLANG_ANALYZER_NUMBER_OBJECT_CONVERSION = YES_AGGRESSIVE;
				CLANG_CXX_LANGUAGE_STANDARD = "gnu++14";
				CLANG_CXX_LIBRARY = "libc++";
				CLANG_ENABLE_MODULES = YES;
				CLANG_ENABLE_OBJC_ARC = YES;
				CLANG_ENABLE_OBJC_WEAK = YES;
				CLANG_WARN_BLOCK_CAPTURE_AUTORELEASING = YES;
				CLANG_WARN_BOOL_CONVERSION = YES;
				CLANG_WARN_COMMA = YES;
				CLANG_WARN_CONSTANT_CONVERSION = YES;
				CLANG_WARN_DEPRECATED_OBJC_IMPLEMENTATIONS = YES;
				CLANG_WARN_DIRECT_OBJC_ISA_USAGE = YES_ERROR;
				CLANG_WARN_DOCUMENTATION_COMMENTS = YES;
				CLANG_WARN_EMPTY_BODY = YES;
				CLANG_WARN_ENUM_CONVERSION = YES;
				CLANG_WARN_INFINITE_RECURSION = YES;
				CLANG_WARN_INT_CONVERSION = YES;
				CLANG_WARN_NON_LITERAL_NULL_CONVERSION = YES;
				CLANG_WARN_OBJC_IMPLICIT_RETAIN_SELF = YES;
				CLANG_WARN_OBJC_LITERAL_CONVERSION = YES;
				CLANG_WARN_OBJC_ROOT_CLASS = YES_ERROR;
				CLANG_WARN_RANGE_LOOP_ANALYSIS = YES;
				CLANG_WARN_STRICT_PROTOTYPES = YES;
				CLANG_WARN_SUSPICIOUS_MOVE = YES;
				CLANG_WARN_UNGUARDED_AVAILABILITY = YES_AGGRESSIVE;
				CLANG_WARN_UNREACHABLE_CODE = YES;
				CLANG_WARN__DUPLICATE_METHOD_MATCH = YES;
				COPY_PHASE_STRIP = NO;
				DEBUG_INFORMATION_FORMAT = dwarf;
				ENABLE_STRICT_OBJC_MSGSEND = YES;
				ENABLE_TESTABILITY = YES;
				GCC_C_LANGUAGE_STANDARD = gnu11;
				GCC_DYNAMIC_NO_PIC = NO;
				GCC_NO_COMMON_BLOCKS = YES;
				GCC_OPTIMIZATION_LEVEL = 0;
				GCC_PREPROCESSOR_DEFINITIONS = (
					"DEBUG=1",
					"$(inherited)",
				);
				GCC_WARN_64_TO_32_BIT_CONVERSION = YES;
				GCC_WARN_ABOUT_RETURN_TYPE = YES_ERROR;
				GCC_WARN_UNDECLARED_SELECTOR = YES;
				GCC_WARN_UNINITIALIZED_AUTOS = YES_AGGRESSIVE;
				GCC_WARN_UNUSED_FUNCTION = YES;
				GCC_WARN_UNUSED_VARIABLE = YES;
				IPHONEOS_DEPLOYMENT_TARGET = 13.2;
				MTL_ENABLE_DEBUG_INFO = INCLUDE_SOURCE;
				MTL_FAST_MATH = YES;
				ONLY_ACTIVE_ARCH = YES;
				SDKROOT = iphoneos;
				SWIFT_ACTIVE_COMPILATION_CONDITIONS = DEBUG;
				SWIFT_OPTIMIZATION_LEVEL = "-Onone";
			};
			name = Debug;
		};
		0EE0D22424D09AA300F9D1F0 /* Release */ = {
			isa = XCBuildConfiguration;
			buildSettings = {
				ALWAYS_SEARCH_USER_PATHS = NO;
				CLANG_ANALYZER_NONNULL = YES;
				CLANG_ANALYZER_NUMBER_OBJECT_CONVERSION = YES_AGGRESSIVE;
				CLANG_CXX_LANGUAGE_STANDARD = "gnu++14";
				CLANG_CXX_LIBRARY = "libc++";
				CLANG_ENABLE_MODULES = YES;
				CLANG_ENABLE_OBJC_ARC = YES;
				CLANG_ENABLE_OBJC_WEAK = YES;
				CLANG_WARN_BLOCK_CAPTURE_AUTORELEASING = YES;
				CLANG_WARN_BOOL_CONVERSION = YES;
				CLANG_WARN_COMMA = YES;
				CLANG_WARN_CONSTANT_CONVERSION = YES;
				CLANG_WARN_DEPRECATED_OBJC_IMPLEMENTATIONS = YES;
				CLANG_WARN_DIRECT_OBJC_ISA_USAGE = YES_ERROR;
				CLANG_WARN_DOCUMENTATION_COMMENTS = YES;
				CLANG_WARN_EMPTY_BODY = YES;
				CLANG_WARN_ENUM_CONVERSION = YES;
				CLANG_WARN_INFINITE_RECURSION = YES;
				CLANG_WARN_INT_CONVERSION = YES;
				CLANG_WARN_NON_LITERAL_NULL_CONVERSION = YES;
				CLANG_WARN_OBJC_IMPLICIT_RETAIN_SELF = YES;
				CLANG_WARN_OBJC_LITERAL_CONVERSION = YES;
				CLANG_WARN_OBJC_ROOT_CLASS = YES_ERROR;
				CLANG_WARN_RANGE_LOOP_ANALYSIS = YES;
				CLANG_WARN_STRICT_PROTOTYPES = YES;
				CLANG_WARN_SUSPICIOUS_MOVE = YES;
				CLANG_WARN_UNGUARDED_AVAILABILITY = YES_AGGRESSIVE;
				CLANG_WARN_UNREACHABLE_CODE = YES;
				CLANG_WARN__DUPLICATE_METHOD_MATCH = YES;
				COPY_PHASE_STRIP = NO;
				DEBUG_INFORMATION_FORMAT = "dwarf-with-dsym";
				ENABLE_NS_ASSERTIONS = NO;
				ENABLE_STRICT_OBJC_MSGSEND = YES;
				GCC_C_LANGUAGE_STANDARD = gnu11;
				GCC_NO_COMMON_BLOCKS = YES;
				GCC_WARN_64_TO_32_BIT_CONVERSION = YES;
				GCC_WARN_ABOUT_RETURN_TYPE = YES_ERROR;
				GCC_WARN_UNDECLARED_SELECTOR = YES;
				GCC_WARN_UNINITIALIZED_AUTOS = YES_AGGRESSIVE;
				GCC_WARN_UNUSED_FUNCTION = YES;
				GCC_WARN_UNUSED_VARIABLE = YES;
				IPHONEOS_DEPLOYMENT_TARGET = 13.2;
				MTL_ENABLE_DEBUG_INFO = NO;
				MTL_FAST_MATH = YES;
				SDKROOT = iphoneos;
				SWIFT_COMPILATION_MODE = wholemodule;
				SWIFT_OPTIMIZATION_LEVEL = "-O";
				VALIDATE_PRODUCT = YES;
			};
			name = Release;
		};
		0EE0D22624D09AA300F9D1F0 /* Debug */ = {
			isa = XCBuildConfiguration;
			buildSettings = {
				ASSETCATALOG_COMPILER_APPICON_NAME = AppIcon;
				CODE_SIGN_STYLE = Automatic;
				DEVELOPMENT_TEAM = 93DDK2VRJY;
				INFOPLIST_FILE = "BMI Calculator/Info.plist";
				LD_RUNPATH_SEARCH_PATHS = (
					"$(inherited)",
					"@executable_path/Frameworks",
				);
				PRODUCT_BUNDLE_IDENTIFIER = "Wajdi-Dahech.BMI-Calculator";
				PRODUCT_NAME = "$(TARGET_NAME)";
				SWIFT_VERSION = 5.0;
				TARGETED_DEVICE_FAMILY = "1,2";
			};
			name = Debug;
		};
		0EE0D22724D09AA300F9D1F0 /* Release */ = {
			isa = XCBuildConfiguration;
			buildSettings = {
				ASSETCATALOG_COMPILER_APPICON_NAME = AppIcon;
				CODE_SIGN_STYLE = Automatic;
				DEVELOPMENT_TEAM = 93DDK2VRJY;
				INFOPLIST_FILE = "BMI Calculator/Info.plist";
				LD_RUNPATH_SEARCH_PATHS = (
					"$(inherited)",
					"@executable_path/Frameworks",
				);
				PRODUCT_BUNDLE_IDENTIFIER = "Wajdi-Dahech.BMI-Calculator";
				PRODUCT_NAME = "$(TARGET_NAME)";
				SWIFT_VERSION = 5.0;
				TARGETED_DEVICE_FAMILY = "1,2";
			};
			name = Release;
		};
/* End XCBuildConfiguration section */

/* Begin XCConfigurationList section */
		0EE0D20C24D09AA200F9D1F0 /* Build configuration list for PBXProject "BMI Calculator" */ = {
			isa = XCConfigurationList;
			buildConfigurations = (
				0EE0D22324D09AA300F9D1F0 /* Debug */,
				0EE0D22424D09AA300F9D1F0 /* Release */,
			);
			defaultConfigurationIsVisible = 0;
			defaultConfigurationName = Release;
		};
		0EE0D22524D09AA300F9D1F0 /* Build configuration list for PBXNativeTarget "BMI Calculator" */ = {
			isa = XCConfigurationList;
			buildConfigurations = (
				0EE0D22624D09AA300F9D1F0 /* Debug */,
				0EE0D22724D09AA300F9D1F0 /* Release */,
			);
			defaultConfigurationIsVisible = 0;
			defaultConfigurationName = Release;
		};
/* End XCConfigurationList section */
	};
	rootObject = 0EE0D20924D09AA200F9D1F0 /* Project object */;
}
